
Microsoft Visual Studio Solution File, Format Version 12.00
# Visual Studio Version 17
VisualStudioVersion = 17.3.32811.315
MinimumVisualStudioVersion = 10.0.40219.1
Project("{FAE04EC0-301F-11D3-BF4B-00C04F79EFBC}") = "SomeAmazingCodes", "SomeAmazingCodes\SomeAmazingCodes.csproj", "{28A19AB4-20BC-49E6-B53E-F78C5285589D}"
EndProject
Global
	GlobalSection(SolutionConfigurationPlatforms) = preSolution
		Debug|Any CPU = Debug|Any CPU
		Release|Any CPU = Release|Any CPU
	EndGlobalSection
	GlobalSection(ProjectConfigurationPlatforms) = postSolution
		{28A19AB4-20BC-49E6-B53E-F78C5285589D}.Debug|Any CPU.ActiveCfg = Debug|Any CPU
		{28A19AB4-20BC-49E6-B53E-F78C5285589D}.Debug|Any CPU.Build.0 = Debug|Any CPU
		{28A19AB4-20BC-49E6-B53E-F78C5285589D}.Release|Any CPU.ActiveCfg = Release|Any CPU
		{28A19AB4-20BC-49E6-B53E-F78C5285589D}.Release|Any CPU.Build.0 = Release|Any CPU
	EndGlobalSection
	GlobalSection(SolutionProperties) = preSolution
		HideSolutionNode = FALSE
	EndGlobalSection
	GlobalSection(ExtensibilityGlobals) = postSolution
		SolutionGuid = {716FE7D7-226F-4D53-817D-8143E5E9352D}
	EndGlobalSection
EndGlobal
